
Microsoft Visual Studio Solution File, Format Version 12.00
# Visual Studio Version 17
VisualStudioVersion = 17.9.34622.214
MinimumVisualStudioVersion = 10.0.40219.1
Project("{FAE04EC0-301F-11D3-BF4B-00C04F79EFBC}") = "Supermarket-mvp", "Supermarket-mvp\Supermarket-mvp.csproj", "{554FA997-6943-42CE-94ED-9626842BEF11}"
EndProject
Global
	GlobalSection(SolutionConfigurationPlatforms) = preSolution
		Debug|Any CPU = Debug|Any CPU
		Release|Any CPU = Release|Any CPU
	EndGlobalSection
	GlobalSection(ProjectConfigurationPlatforms) = postSolution
		{554FA997-6943-42CE-94ED-9626842BEF11}.Debug|Any CPU.ActiveCfg = Debug|Any CPU
		{554FA997-6943-42CE-94ED-9626842BEF11}.Debug|Any CPU.Build.0 = Debug|Any CPU
		{554FA997-6943-42CE-94ED-9626842BEF11}.Release|Any CPU.ActiveCfg = Release|Any CPU
		{554FA997-6943-42CE-94ED-9626842BEF11}.Release|Any CPU.Build.0 = Release|Any CPU
	EndGlobalSection
	GlobalSection(SolutionProperties) = preSolution
		HideSolutionNode = FALSE
	EndGlobalSection
	GlobalSection(ExtensibilityGlobals) = postSolution
		SolutionGuid = {0710163F-0B8A-4F9C-8E4F-BB991662B74D}
	EndGlobalSection
EndGlobal
